
Microsoft Visual Studio Solution File, Format Version 12.00
# Visual Studio Version 17
VisualStudioVersion = 17.3.32922.545
MinimumVisualStudioVersion = 10.0.40219.1
Project("{9A19103F-16F7-4668-BE54-9A1E7A4F7556}") = "LacosESwitch", "LacosESwitch\LacosESwitch.csproj", "{3628BEC3-9905-4C8F-AAF7-50452269CDA7}"
EndProject
Project("{9A19103F-16F7-4668-BE54-9A1E7A4F7556}") = "LeituraEEscrita", "LeituraEEscrita\LeituraEEscrita.csproj", "{148D4A00-225B-4EC5-A1C1-7988763D3716}"
EndProject
Project("{9A19103F-16F7-4668-BE54-9A1E7A4F7556}") = "Vetores", "Vetores\Vetores.csproj", "{50E694B6-F1F4-43B0-8DA1-B62F2E858811}"
EndProject
Project("{9A19103F-16F7-4668-BE54-9A1E7A4F7556}") = "Matrizes", "Matrizes\Matrizes.csproj", "{8F241730-CABF-4258-BA8F-3636D070D2A1}"
EndProject
Project("{2150E333-8FDC-42A3-9474-1A3956D46DE8}") = "Arquivos", "Arquivos", "{B1E7D31F-2356-4E20-84D6-23DF0F3DFBD3}"
EndProject
Project("{9A19103F-16F7-4668-BE54-9A1E7A4F7556}") = "ArquivoAula", "Arquivos\ArquivoAula\ArquivoAula.csproj", "{AB44F2B4-D226-4F87-8B60-1FEFFB61D815}"
EndProject
Project("{9A19103F-16F7-4668-BE54-9A1E7A4F7556}") = "Email", "Arquivos\Email\Email.csproj", "{6B35ABDF-65D3-40B7-B202-69F7CCF3D056}"
EndProject
Project("{9A19103F-16F7-4668-BE54-9A1E7A4F7556}") = "Album", "Arquivos\Album\Album.csproj", "{25FDD248-B326-40DA-9E29-FB389A144A02}"
EndProject
Project("{9A19103F-16F7-4668-BE54-9A1E7A4F7556}") = "JogoDaVelha", "JogoDaVelha\JogoDaVelha.csproj", "{D76FD6B4-952B-42A8-9A8E-A116E57168A6}"
EndProject
Project("{FAE04EC0-301F-11D3-BF4B-00C04F79EFBC}") = "EntityPostgresCodeFirst", "EntityPostgresCodeFirst\EntityPostgresCodeFirst.csproj", "{9AA2D85B-F072-4D90-9551-7FB51F043213}"
EndProject
Global
	GlobalSection(SolutionConfigurationPlatforms) = preSolution
		Debug|Any CPU = Debug|Any CPU
		Release|Any CPU = Release|Any CPU
	EndGlobalSection
	GlobalSection(ProjectConfigurationPlatforms) = postSolution
		{3628BEC3-9905-4C8F-AAF7-50452269CDA7}.Debug|Any CPU.ActiveCfg = Debug|Any CPU
		{3628BEC3-9905-4C8F-AAF7-50452269CDA7}.Debug|Any CPU.Build.0 = Debug|Any CPU
		{3628BEC3-9905-4C8F-AAF7-50452269CDA7}.Release|Any CPU.ActiveCfg = Release|Any CPU
		{3628BEC3-9905-4C8F-AAF7-50452269CDA7}.Release|Any CPU.Build.0 = Release|Any CPU
		{148D4A00-225B-4EC5-A1C1-7988763D3716}.Debug|Any CPU.ActiveCfg = Debug|Any CPU
		{148D4A00-225B-4EC5-A1C1-7988763D3716}.Debug|Any CPU.Build.0 = Debug|Any CPU
		{148D4A00-225B-4EC5-A1C1-7988763D3716}.Release|Any CPU.ActiveCfg = Release|Any CPU
		{148D4A00-225B-4EC5-A1C1-7988763D3716}.Release|Any CPU.Build.0 = Release|Any CPU
		{50E694B6-F1F4-43B0-8DA1-B62F2E858811}.Debug|Any CPU.ActiveCfg = Debug|Any CPU
		{50E694B6-F1F4-43B0-8DA1-B62F2E858811}.Debug|Any CPU.Build.0 = Debug|Any CPU
		{50E694B6-F1F4-43B0-8DA1-B62F2E858811}.Release|Any CPU.ActiveCfg = Release|Any CPU
		{50E694B6-F1F4-43B0-8DA1-B62F2E858811}.Release|Any CPU.Build.0 = Release|Any CPU
		{8F241730-CABF-4258-BA8F-3636D070D2A1}.Debug|Any CPU.ActiveCfg = Debug|Any CPU
		{8F241730-CABF-4258-BA8F-3636D070D2A1}.Debug|Any CPU.Build.0 = Debug|Any CPU
		{8F241730-CABF-4258-BA8F-3636D070D2A1}.Release|Any CPU.ActiveCfg = Release|Any CPU
		{8F241730-CABF-4258-BA8F-3636D070D2A1}.Release|Any CPU.Build.0 = Release|Any CPU
		{AB44F2B4-D226-4F87-8B60-1FEFFB61D815}.Debug|Any CPU.ActiveCfg = Debug|Any CPU
		{AB44F2B4-D226-4F87-8B60-1FEFFB61D815}.Debug|Any CPU.Build.0 = Debug|Any CPU
		{AB44F2B4-D226-4F87-8B60-1FEFFB61D815}.Release|Any CPU.ActiveCfg = Release|Any CPU
		{AB44F2B4-D226-4F87-8B60-1FEFFB61D815}.Release|Any CPU.Build.0 = Release|Any CPU
		{6B35ABDF-65D3-40B7-B202-69F7CCF3D056}.Debug|Any CPU.ActiveCfg = Debug|Any CPU
		{6B35ABDF-65D3-40B7-B202-69F7CCF3D056}.Debug|Any CPU.Build.0 = Debug|Any CPU
		{6B35ABDF-65D3-40B7-B202-69F7CCF3D056}.Release|Any CPU.ActiveCfg = Release|Any CPU
		{6B35ABDF-65D3-40B7-B202-69F7CCF3D056}.Release|Any CPU.Build.0 = Release|Any CPU
		{25FDD248-B326-40DA-9E29-FB389A144A02}.Debug|Any CPU.ActiveCfg = Debug|Any CPU
		{25FDD248-B326-40DA-9E29-FB389A144A02}.Debug|Any CPU.Build.0 = Debug|Any CPU
		{25FDD248-B326-40DA-9E29-FB389A144A02}.Release|Any CPU.ActiveCfg = Release|Any CPU
		{25FDD248-B326-40DA-9E29-FB389A144A02}.Release|Any CPU.Build.0 = Release|Any CPU
		{D76FD6B4-952B-42A8-9A8E-A116E57168A6}.Debug|Any CPU.ActiveCfg = Debug|Any CPU
		{D76FD6B4-952B-42A8-9A8E-A116E57168A6}.Debug|Any CPU.Build.0 = Debug|Any CPU
		{D76FD6B4-952B-42A8-9A8E-A116E57168A6}.Release|Any CPU.ActiveCfg = Release|Any CPU
		{D76FD6B4-952B-42A8-9A8E-A116E57168A6}.Release|Any CPU.Build.0 = Release|Any CPU
		{9AA2D85B-F072-4D90-9551-7FB51F043213}.Debug|Any CPU.ActiveCfg = Debug|Any CPU
		{9AA2D85B-F072-4D90-9551-7FB51F043213}.Debug|Any CPU.Build.0 = Debug|Any CPU
		{9AA2D85B-F072-4D90-9551-7FB51F043213}.Release|Any CPU.ActiveCfg = Release|Any CPU
		{9AA2D85B-F072-4D90-9551-7FB51F043213}.Release|Any CPU.Build.0 = Release|Any CPU
	EndGlobalSection
	GlobalSection(SolutionProperties) = preSolution
		HideSolutionNode = FALSE
	EndGlobalSection
	GlobalSection(NestedProjects) = preSolution
		{AB44F2B4-D226-4F87-8B60-1FEFFB61D815} = {B1E7D31F-2356-4E20-84D6-23DF0F3DFBD3}
		{6B35ABDF-65D3-40B7-B202-69F7CCF3D056} = {B1E7D31F-2356-4E20-84D6-23DF0F3DFBD3}
		{25FDD248-B326-40DA-9E29-FB389A144A02} = {B1E7D31F-2356-4E20-84D6-23DF0F3DFBD3}
	EndGlobalSection
	GlobalSection(ExtensibilityGlobals) = postSolution
		SolutionGuid = {E94C56BD-2314-43C4-BDDA-EAEFA1FFC2D5}
	EndGlobalSection
EndGlobal
