
Microsoft Visual Studio Solution File, Format Version 12.00
# Visual Studio Version 17
VisualStudioVersion = 17.3.32922.545
MinimumVisualStudioVersion = 10.0.40219.1
Project("{9A19103F-16F7-4668-BE54-9A1E7A4F7556}") = "Semana1", "Semana1\Semana1.csproj", "{3628BEC3-9905-4C8F-AAF7-50452269CDA7}"
EndProject
Project("{9A19103F-16F7-4668-BE54-9A1E7A4F7556}") = "Semana0", "Semana0\Semana0.csproj", "{148D4A00-225B-4EC5-A1C1-7988763D3716}"
EndProject
Project("{9A19103F-16F7-4668-BE54-9A1E7A4F7556}") = "Semana2", "Semana2\Semana2.csproj", "{50E694B6-F1F4-43B0-8DA1-B62F2E858811}"
EndProject
Project("{9A19103F-16F7-4668-BE54-9A1E7A4F7556}") = "Semana3", "Semana3\Semana3.csproj", "{8F241730-CABF-4258-BA8F-3636D070D2A1}"
EndProject
Project("{2150E333-8FDC-42A3-9474-1A3956D46DE8}") = "Semana4", "Semana4", "{B1E7D31F-2356-4E20-84D6-23DF0F3DFBD3}"
EndProject
Project("{9A19103F-16F7-4668-BE54-9A1E7A4F7556}") = "AtividadeAula", "Semana4\AtividadeAula\AtividadeAula.csproj", "{AB44F2B4-D226-4F87-8B60-1FEFFB61D815}"
EndProject
Project("{9A19103F-16F7-4668-BE54-9A1E7A4F7556}") = "AtividadeEmail", "Semana4\AtividadeEmail\AtividadeEmail.csproj", "{6B35ABDF-65D3-40B7-B202-69F7CCF3D056}"
EndProject
Project("{9A19103F-16F7-4668-BE54-9A1E7A4F7556}") = "AtividadeAlbum", "Semana4\AtividadeAlbum\AtividadeAlbum.csproj", "{25FDD248-B326-40DA-9E29-FB389A144A02}"
EndProject
Project("{2150E333-8FDC-42A3-9474-1A3956D46DE8}") = "Desafios", "Desafios", "{7A87E260-4674-4447-A561-F04F6F32B8FD}"
EndProject
Project("{9A19103F-16F7-4668-BE54-9A1E7A4F7556}") = "JogoDaVelha", "Desafios\JogoDaVelha\JogoDaVelha.csproj", "{D76FD6B4-952B-42A8-9A8E-A116E57168A6}"
EndProject
Global
	GlobalSection(SolutionConfigurationPlatforms) = preSolution
		Debug|Any CPU = Debug|Any CPU
		Release|Any CPU = Release|Any CPU
	EndGlobalSection
	GlobalSection(ProjectConfigurationPlatforms) = postSolution
		{3628BEC3-9905-4C8F-AAF7-50452269CDA7}.Debug|Any CPU.ActiveCfg = Debug|Any CPU
		{3628BEC3-9905-4C8F-AAF7-50452269CDA7}.Debug|Any CPU.Build.0 = Debug|Any CPU
		{3628BEC3-9905-4C8F-AAF7-50452269CDA7}.Release|Any CPU.ActiveCfg = Release|Any CPU
		{3628BEC3-9905-4C8F-AAF7-50452269CDA7}.Release|Any CPU.Build.0 = Release|Any CPU
		{148D4A00-225B-4EC5-A1C1-7988763D3716}.Debug|Any CPU.ActiveCfg = Debug|Any CPU
		{148D4A00-225B-4EC5-A1C1-7988763D3716}.Debug|Any CPU.Build.0 = Debug|Any CPU
		{148D4A00-225B-4EC5-A1C1-7988763D3716}.Release|Any CPU.ActiveCfg = Release|Any CPU
		{148D4A00-225B-4EC5-A1C1-7988763D3716}.Release|Any CPU.Build.0 = Release|Any CPU
		{50E694B6-F1F4-43B0-8DA1-B62F2E858811}.Debug|Any CPU.ActiveCfg = Debug|Any CPU
		{50E694B6-F1F4-43B0-8DA1-B62F2E858811}.Debug|Any CPU.Build.0 = Debug|Any CPU
		{50E694B6-F1F4-43B0-8DA1-B62F2E858811}.Release|Any CPU.ActiveCfg = Release|Any CPU
		{50E694B6-F1F4-43B0-8DA1-B62F2E858811}.Release|Any CPU.Build.0 = Release|Any CPU
		{8F241730-CABF-4258-BA8F-3636D070D2A1}.Debug|Any CPU.ActiveCfg = Debug|Any CPU
		{8F241730-CABF-4258-BA8F-3636D070D2A1}.Debug|Any CPU.Build.0 = Debug|Any CPU
		{8F241730-CABF-4258-BA8F-3636D070D2A1}.Release|Any CPU.ActiveCfg = Release|Any CPU
		{8F241730-CABF-4258-BA8F-3636D070D2A1}.Release|Any CPU.Build.0 = Release|Any CPU
		{AB44F2B4-D226-4F87-8B60-1FEFFB61D815}.Debug|Any CPU.ActiveCfg = Debug|Any CPU
		{AB44F2B4-D226-4F87-8B60-1FEFFB61D815}.Debug|Any CPU.Build.0 = Debug|Any CPU
		{AB44F2B4-D226-4F87-8B60-1FEFFB61D815}.Release|Any CPU.ActiveCfg = Release|Any CPU
		{AB44F2B4-D226-4F87-8B60-1FEFFB61D815}.Release|Any CPU.Build.0 = Release|Any CPU
		{6B35ABDF-65D3-40B7-B202-69F7CCF3D056}.Debug|Any CPU.ActiveCfg = Debug|Any CPU
		{6B35ABDF-65D3-40B7-B202-69F7CCF3D056}.Debug|Any CPU.Build.0 = Debug|Any CPU
		{6B35ABDF-65D3-40B7-B202-69F7CCF3D056}.Release|Any CPU.ActiveCfg = Release|Any CPU
		{6B35ABDF-65D3-40B7-B202-69F7CCF3D056}.Release|Any CPU.Build.0 = Release|Any CPU
		{25FDD248-B326-40DA-9E29-FB389A144A02}.Debug|Any CPU.ActiveCfg = Debug|Any CPU
		{25FDD248-B326-40DA-9E29-FB389A144A02}.Debug|Any CPU.Build.0 = Debug|Any CPU
		{25FDD248-B326-40DA-9E29-FB389A144A02}.Release|Any CPU.ActiveCfg = Release|Any CPU
		{25FDD248-B326-40DA-9E29-FB389A144A02}.Release|Any CPU.Build.0 = Release|Any CPU
		{D76FD6B4-952B-42A8-9A8E-A116E57168A6}.Debug|Any CPU.ActiveCfg = Debug|Any CPU
		{D76FD6B4-952B-42A8-9A8E-A116E57168A6}.Debug|Any CPU.Build.0 = Debug|Any CPU
		{D76FD6B4-952B-42A8-9A8E-A116E57168A6}.Release|Any CPU.ActiveCfg = Release|Any CPU
		{D76FD6B4-952B-42A8-9A8E-A116E57168A6}.Release|Any CPU.Build.0 = Release|Any CPU
	EndGlobalSection
	GlobalSection(SolutionProperties) = preSolution
		HideSolutionNode = FALSE
	EndGlobalSection
	GlobalSection(NestedProjects) = preSolution
		{AB44F2B4-D226-4F87-8B60-1FEFFB61D815} = {B1E7D31F-2356-4E20-84D6-23DF0F3DFBD3}
		{6B35ABDF-65D3-40B7-B202-69F7CCF3D056} = {B1E7D31F-2356-4E20-84D6-23DF0F3DFBD3}
		{25FDD248-B326-40DA-9E29-FB389A144A02} = {B1E7D31F-2356-4E20-84D6-23DF0F3DFBD3}
		{D76FD6B4-952B-42A8-9A8E-A116E57168A6} = {7A87E260-4674-4447-A561-F04F6F32B8FD}
	EndGlobalSection
	GlobalSection(ExtensibilityGlobals) = postSolution
		SolutionGuid = {E94C56BD-2314-43C4-BDDA-EAEFA1FFC2D5}
	EndGlobalSection
EndGlobal
